
Microsoft Visual Studio Solution File, Format Version 12.00
Project("{FAE04EC0-301F-11D3-BF4B-00C04F79EFBC}") = "PDV.Core", "Core\PDV.Core\PDV.Core.csproj", "{7027BC5A-CC14-40CC-A859-02174089FD78}"
EndProject
Project("{FAE04EC0-301F-11D3-BF4B-00C04F79EFBC}") = "PDV.Shared", "Core\PDV.Shared\PDV.Shared.csproj", "{A4B561D2-40C6-447B-8D2A-6C41C163EC06}"
EndProject
Project("{FAE04EC0-301F-11D3-BF4B-00C04F79EFBC}") = "PDV.Data.Local", "Infra\PDV.Data.Local\PDV.Data.Local.csproj", "{B354ECCE-8565-446D-9A77-2AC8FF2BEE0F}"
EndProject
Project("{FAE04EC0-301F-11D3-BF4B-00C04F79EFBC}") = "PDV.Data.Cloud", "Infra\PDV.Data.Cloud\PDV.Data.Cloud.csproj", "{D7A9443A-9E14-4AC9-B707-E8CD44623943}"
EndProject
Project("{FAE04EC0-301F-11D3-BF4B-00C04F79EFBC}") = "PDV.Fiscal", "Infra\PDV.Fiscal\PDV.Fiscal.csproj", "{8A8BD179-19D6-46F5-ADF8-79215ACEECD3}"
EndProject
Project("{2150E333-8FDC-42A3-9474-1A3956D46DE8}") = "Core", "Core", "{82108675-3F42-4C75-B837-101956B6D40C}"
	ProjectSection(SolutionItems) = preProject
		Core\resume.md = Core\resume.md
		Core\Fases\fase-1.md = Core\Fases\fase-1.md
		Core\CAIXA_SESSAO.md = Core\CAIXA_SESSAO.md
	EndProjectSection
EndProject
Project("{2150E333-8FDC-42A3-9474-1A3956D46DE8}") = "Infra", "Infra", "{C1971533-455D-43A4-9C5B-DE06C27A5D45}"
EndProject
Project("{FAE04EC0-301F-11D3-BF4B-00C04F79EFBC}") = "PDV.Integration", "Infra\PDV.Integration\PDV.Integration.csproj", "{53AAD432-67CD-4D5C-85B3-DCC80CD0272F}"
EndProject
Project("{2150E333-8FDC-42A3-9474-1A3956D46DE8}") = "Presentation", "Presentation", "{1C05084A-D64E-4125-A3E6-6399A5B82D3A}"
EndProject
Project("{FAE04EC0-301F-11D3-BF4B-00C04F79EFBC}") = "PDV.Desktop", "Presentation\PDV.Desktop\PDV.Desktop.csproj", "{F35CC5C7-4C26-4D1A-8362-BF5C02C52CA9}"
EndProject
Project("{FAE04EC0-301F-11D3-BF4B-00C04F79EFBC}") = "PDV.API", "Presentation\PDV.API\PDV.API.csproj", "{21D86AA7-2E41-4137-A9AE-CCEB2D5E242F}"
EndProject
Project("{2150E333-8FDC-42A3-9474-1A3956D46DE8}") = "Tests", "Tests", "{98B723B9-4387-4DFC-A285-B62CDA924CB4}"
EndProject
Project("{FAE04EC0-301F-11D3-BF4B-00C04F79EFBC}") = "PDV.Tests", "Tests\PDV.Tests\PDV.Tests.csproj", "{76C6CAAB-2F4F-4663-80C1-065AD2EF74BC}"
EndProject
Global
	GlobalSection(SolutionConfigurationPlatforms) = preSolution
		Debug|Any CPU = Debug|Any CPU
		Release|Any CPU = Release|Any CPU
	EndGlobalSection
	GlobalSection(ProjectConfigurationPlatforms) = postSolution
		{7027BC5A-CC14-40CC-A859-02174089FD78}.Debug|Any CPU.ActiveCfg = Debug|Any CPU
		{7027BC5A-CC14-40CC-A859-02174089FD78}.Debug|Any CPU.Build.0 = Debug|Any CPU
		{7027BC5A-CC14-40CC-A859-02174089FD78}.Release|Any CPU.ActiveCfg = Release|Any CPU
		{7027BC5A-CC14-40CC-A859-02174089FD78}.Release|Any CPU.Build.0 = Release|Any CPU
		{A4B561D2-40C6-447B-8D2A-6C41C163EC06}.Debug|Any CPU.ActiveCfg = Debug|Any CPU
		{A4B561D2-40C6-447B-8D2A-6C41C163EC06}.Debug|Any CPU.Build.0 = Debug|Any CPU
		{A4B561D2-40C6-447B-8D2A-6C41C163EC06}.Release|Any CPU.ActiveCfg = Release|Any CPU
		{A4B561D2-40C6-447B-8D2A-6C41C163EC06}.Release|Any CPU.Build.0 = Release|Any CPU
		{B354ECCE-8565-446D-9A77-2AC8FF2BEE0F}.Debug|Any CPU.ActiveCfg = Debug|Any CPU
		{B354ECCE-8565-446D-9A77-2AC8FF2BEE0F}.Debug|Any CPU.Build.0 = Debug|Any CPU
		{B354ECCE-8565-446D-9A77-2AC8FF2BEE0F}.Release|Any CPU.ActiveCfg = Release|Any CPU
		{B354ECCE-8565-446D-9A77-2AC8FF2BEE0F}.Release|Any CPU.Build.0 = Release|Any CPU
		{D7A9443A-9E14-4AC9-B707-E8CD44623943}.Debug|Any CPU.ActiveCfg = Debug|Any CPU
		{D7A9443A-9E14-4AC9-B707-E8CD44623943}.Debug|Any CPU.Build.0 = Debug|Any CPU
		{D7A9443A-9E14-4AC9-B707-E8CD44623943}.Release|Any CPU.ActiveCfg = Release|Any CPU
		{D7A9443A-9E14-4AC9-B707-E8CD44623943}.Release|Any CPU.Build.0 = Release|Any CPU
		{8A8BD179-19D6-46F5-ADF8-79215ACEECD3}.Debug|Any CPU.ActiveCfg = Debug|Any CPU
		{8A8BD179-19D6-46F5-ADF8-79215ACEECD3}.Debug|Any CPU.Build.0 = Debug|Any CPU
		{8A8BD179-19D6-46F5-ADF8-79215ACEECD3}.Release|Any CPU.ActiveCfg = Release|Any CPU
		{8A8BD179-19D6-46F5-ADF8-79215ACEECD3}.Release|Any CPU.Build.0 = Release|Any CPU
		{53AAD432-67CD-4D5C-85B3-DCC80CD0272F}.Debug|Any CPU.ActiveCfg = Debug|Any CPU
		{53AAD432-67CD-4D5C-85B3-DCC80CD0272F}.Debug|Any CPU.Build.0 = Debug|Any CPU
		{53AAD432-67CD-4D5C-85B3-DCC80CD0272F}.Release|Any CPU.ActiveCfg = Release|Any CPU
		{53AAD432-67CD-4D5C-85B3-DCC80CD0272F}.Release|Any CPU.Build.0 = Release|Any CPU
		{F35CC5C7-4C26-4D1A-8362-BF5C02C52CA9}.Debug|Any CPU.ActiveCfg = Debug|Any CPU
		{F35CC5C7-4C26-4D1A-8362-BF5C02C52CA9}.Debug|Any CPU.Build.0 = Debug|Any CPU
		{F35CC5C7-4C26-4D1A-8362-BF5C02C52CA9}.Release|Any CPU.ActiveCfg = Release|Any CPU
		{F35CC5C7-4C26-4D1A-8362-BF5C02C52CA9}.Release|Any CPU.Build.0 = Release|Any CPU
		{21D86AA7-2E41-4137-A9AE-CCEB2D5E242F}.Debug|Any CPU.ActiveCfg = Debug|Any CPU
		{21D86AA7-2E41-4137-A9AE-CCEB2D5E242F}.Debug|Any CPU.Build.0 = Debug|Any CPU
		{21D86AA7-2E41-4137-A9AE-CCEB2D5E242F}.Release|Any CPU.ActiveCfg = Release|Any CPU
		{21D86AA7-2E41-4137-A9AE-CCEB2D5E242F}.Release|Any CPU.Build.0 = Release|Any CPU
		{76C6CAAB-2F4F-4663-80C1-065AD2EF74BC}.Debug|Any CPU.ActiveCfg = Debug|Any CPU
		{76C6CAAB-2F4F-4663-80C1-065AD2EF74BC}.Debug|Any CPU.Build.0 = Debug|Any CPU
		{76C6CAAB-2F4F-4663-80C1-065AD2EF74BC}.Release|Any CPU.ActiveCfg = Release|Any CPU
		{76C6CAAB-2F4F-4663-80C1-065AD2EF74BC}.Release|Any CPU.Build.0 = Release|Any CPU
	EndGlobalSection
	GlobalSection(NestedProjects) = preSolution
		{7027BC5A-CC14-40CC-A859-02174089FD78} = {82108675-3F42-4C75-B837-101956B6D40C}
		{A4B561D2-40C6-447B-8D2A-6C41C163EC06} = {82108675-3F42-4C75-B837-101956B6D40C}
		{D7A9443A-9E14-4AC9-B707-E8CD44623943} = {C1971533-455D-43A4-9C5B-DE06C27A5D45}
		{B354ECCE-8565-446D-9A77-2AC8FF2BEE0F} = {C1971533-455D-43A4-9C5B-DE06C27A5D45}
		{8A8BD179-19D6-46F5-ADF8-79215ACEECD3} = {C1971533-455D-43A4-9C5B-DE06C27A5D45}
		{53AAD432-67CD-4D5C-85B3-DCC80CD0272F} = {C1971533-455D-43A4-9C5B-DE06C27A5D45}
		{F35CC5C7-4C26-4D1A-8362-BF5C02C52CA9} = {1C05084A-D64E-4125-A3E6-6399A5B82D3A}
		{21D86AA7-2E41-4137-A9AE-CCEB2D5E242F} = {1C05084A-D64E-4125-A3E6-6399A5B82D3A}
		{76C6CAAB-2F4F-4663-80C1-065AD2EF74BC} = {98B723B9-4387-4DFC-A285-B62CDA924CB4}
	EndGlobalSection
EndGlobal
